
Microsoft Visual Studio Solution File, Format Version 12.00
# Visual Studio Version 16
VisualStudioVersion = 16.0.31729.503
MinimumVisualStudioVersion = 10.0.40219.1
Project("{FAE04EC0-301F-11D3-BF4B-00C04F79EFBC}") = "CommandList", "CommandList\CommandList.csproj", "{3E0B4682-18B3-4FC6-A033-FF07D85C3302}"
EndProject
Global
	GlobalSection(SolutionConfigurationPlatforms) = preSolution
		Debug|Any CPU = Debug|Any CPU
		Release|Any CPU = Release|Any CPU
	EndGlobalSection
	GlobalSection(ProjectConfigurationPlatforms) = postSolution
		{3E0B4682-18B3-4FC6-A033-FF07D85C3302}.Debug|Any CPU.ActiveCfg = Debug|Any CPU
		{3E0B4682-18B3-4FC6-A033-FF07D85C3302}.Debug|Any CPU.Build.0 = Debug|Any CPU
		{3E0B4682-18B3-4FC6-A033-FF07D85C3302}.Release|Any CPU.ActiveCfg = Release|Any CPU
		{3E0B4682-18B3-4FC6-A033-FF07D85C3302}.Release|Any CPU.Build.0 = Release|Any CPU
	EndGlobalSection
	GlobalSection(SolutionProperties) = preSolution
		HideSolutionNode = FALSE
	EndGlobalSection
	GlobalSection(ExtensibilityGlobals) = postSolution
		SolutionGuid = {E18D8228-D772-4CB4-A065-7FF52A968DE9}
	EndGlobalSection
EndGlobal
